
Microsoft Visual Studio Solution File, Format Version 12.00
Project("{FAE04EC0-301F-11D3-BF4B-00C04F79EFBC}") = "Marbella_BMI-Calculator", "Marbella_BMI-Calculator.csproj", "{7FCF06E6-AFDC-4AD5-8184-803C53C78C29}"
EndProject
Global
	GlobalSection(SolutionConfigurationPlatforms) = preSolution
		Debug|Any CPU = Debug|Any CPU
		Release|Any CPU = Release|Any CPU
	EndGlobalSection
	GlobalSection(ProjectConfigurationPlatforms) = postSolution
		{7FCF06E6-AFDC-4AD5-8184-803C53C78C29}.Debug|Any CPU.ActiveCfg = Debug|Any CPU
		{7FCF06E6-AFDC-4AD5-8184-803C53C78C29}.Debug|Any CPU.Build.0 = Debug|Any CPU
		{7FCF06E6-AFDC-4AD5-8184-803C53C78C29}.Release|Any CPU.ActiveCfg = Release|Any CPU
		{7FCF06E6-AFDC-4AD5-8184-803C53C78C29}.Release|Any CPU.Build.0 = Release|Any CPU
	EndGlobalSection
EndGlobal
